
Microsoft Visual Studio Solution File, Format Version 12.00
# Visual Studio 15
VisualStudioVersion = 15.0.28307.271
MinimumVisualStudioVersion = 10.0.40219.1
Project("{FAE04EC0-301F-11D3-BF4B-00C04F79EFBC}") = "WasIGoodToday", "WasIGoodToday\WasIGoodToday.csproj", "{8DBCFECB-C4E6-4B83-8467-B48678D1F0AC}"
EndProject
Project("{FAE04EC0-301F-11D3-BF4B-00C04F79EFBC}") = "Data", "Data\Data.csproj", "{1D15CE42-A610-4877-9311-E2E1279EABD0}"
EndProject
Global
	GlobalSection(SolutionConfigurationPlatforms) = preSolution
		Debug|Any CPU = Debug|Any CPU
		Release|Any CPU = Release|Any CPU
	EndGlobalSection
	GlobalSection(ProjectConfigurationPlatforms) = postSolution
		{8DBCFECB-C4E6-4B83-8467-B48678D1F0AC}.Debug|Any CPU.ActiveCfg = Debug|Any CPU
		{8DBCFECB-C4E6-4B83-8467-B48678D1F0AC}.Debug|Any CPU.Build.0 = Debug|Any CPU
		{8DBCFECB-C4E6-4B83-8467-B48678D1F0AC}.Release|Any CPU.ActiveCfg = Release|Any CPU
		{8DBCFECB-C4E6-4B83-8467-B48678D1F0AC}.Release|Any CPU.Build.0 = Release|Any CPU
		{1D15CE42-A610-4877-9311-E2E1279EABD0}.Debug|Any CPU.ActiveCfg = Debug|Any CPU
		{1D15CE42-A610-4877-9311-E2E1279EABD0}.Debug|Any CPU.Build.0 = Debug|Any CPU
		{1D15CE42-A610-4877-9311-E2E1279EABD0}.Release|Any CPU.ActiveCfg = Release|Any CPU
		{1D15CE42-A610-4877-9311-E2E1279EABD0}.Release|Any CPU.Build.0 = Release|Any CPU
	EndGlobalSection
	GlobalSection(SolutionProperties) = preSolution
		HideSolutionNode = FALSE
	EndGlobalSection
	GlobalSection(ExtensibilityGlobals) = postSolution
		SolutionGuid = {48BB46FF-8C51-4D58-A4FB-14031C70876C}
	EndGlobalSection
EndGlobal
